
Microsoft Visual Studio Solution File, Format Version 12.00
# Visual Studio 14
VisualStudioVersion = 14.0.25420.1
MinimumVisualStudioVersion = 10.0.40219.1
Project("{FAE04EC0-301F-11D3-BF4B-00C04F79EFBC}") = "EvidenceZakazekWebApp", "EvidenceZakazekWebApp\EvidenceZakazekWebApp.csproj", "{59D00C60-858F-429F-B93C-9D56A2FC6B9B}"
EndProject
Global
	GlobalSection(SolutionConfigurationPlatforms) = preSolution
		Debug|Any CPU = Debug|Any CPU
		Release|Any CPU = Release|Any CPU
	EndGlobalSection
	GlobalSection(ProjectConfigurationPlatforms) = postSolution
		{59D00C60-858F-429F-B93C-9D56A2FC6B9B}.Debug|Any CPU.ActiveCfg = Debug|Any CPU
		{59D00C60-858F-429F-B93C-9D56A2FC6B9B}.Debug|Any CPU.Build.0 = Debug|Any CPU
		{59D00C60-858F-429F-B93C-9D56A2FC6B9B}.Release|Any CPU.ActiveCfg = Release|Any CPU
		{59D00C60-858F-429F-B93C-9D56A2FC6B9B}.Release|Any CPU.Build.0 = Release|Any CPU
	EndGlobalSection
	GlobalSection(SolutionProperties) = preSolution
		HideSolutionNode = FALSE
	EndGlobalSection
EndGlobal
